# id, sha256[:16] of the extracted candidate, words kept from its start
1 ecc166bc82733a5c 13
2 abc6c00b62b3c8ed 15
3 a21717ea35ba38e1 17
4 c3eccf2216348854 14
5 39d4561ab4526a4f 17
6 09cb5818cb7bd8c1 27
7 d583fdac49ea40e6 13
8 e1034d8fb37fc3fe 12
9 a9fd91edfea3f279 11
10 b4130069f0be83cd 12
11 df498b253801556e 10
12 ac46d99fc19d60ce 62
13 058d9f8461668034 40
14 77082adec83347d3 34
15 8d671da5b3213f11 12
16 5aae017b50f358a3 53
17 81f62cef055be366 37
18 d3fab10a2fbeaee0 27
19 8b28cb0715ea49a4 43
20 0d849158f8ad8e78 28
21 c7cb3f2287a1fd68 18
22 b00f28ff3d044038 25
23 f8753fd17feba9ef 36
24 2e95f9051b044e83 31
25 dbaa0dcb43838daa 144
26 0b274406873410f0 125
27 e8415046493e45da 24
28 5ed576c5b27a8bbd 14
29 26a84893b11cc5ba 16
30 bae6ffdb581b3533 12
31 feb935b957d6d868 101
